// !$*UTF8*$!
{
	archiveVersion = 1;
	classes = {
	};
	objectVersion = 50;
	objects = {

/* Begin PBXBuildFile section */
		ED125A1B22A3876900E387E4 /* LocalNotificationManager.swift in Sources */ = {isa = PBXBuildFile; fileRef = ED125A1A22A3876900E387E4 /* LocalNotificationManager.swift */; };
		ED125A1E22A4D64700E387E4 /* DynamicButton.swift in Sources */ = {isa = PBXBuildFile; fileRef = ED125A1D22A4D64700E387E4 /* DynamicButton.swift */; };
		ED125A5D22AC87F300E387E4 /* Clock.swift in Sources */ = {isa = PBXBuildFile; fileRef = ED125A5C22AC87F300E387E4 /* Clock.swift */; };
		ED2C2F0E229773F800B857D3 /* AppDelegate.swift in Sources */ = {isa = PBXBuildFile; fileRef = ED2C2F0D229773F800B857D3 /* AppDelegate.swift */; };
		ED2C2F10229773F800B857D3 /* ViewController.swift in Sources */ = {isa = PBXBuildFile; fileRef = ED2C2F0F229773F800B857D3 /* ViewController.swift */; };
		ED2C2F13229773F800B857D3 /* Main.storyboard in Resources */ = {isa = PBXBuildFile; fileRef = ED2C2F11229773F800B857D3 /* Main.storyboard */; };
		ED2C2F16229773F800B857D3 /* Interval.xcdatamodeld in Sources */ = {isa = PBXBuildFile; fileRef = ED2C2F14229773F800B857D3 /* Interval.xcdatamodeld */; };
		ED2C2F18229773F900B857D3 /* Assets.xcassets in Resources */ = {isa = PBXBuildFile; fileRef = ED2C2F17229773F900B857D3 /* Assets.xcassets */; };
		ED2C2F1B229773F900B857D3 /* LaunchScreen.storyboard in Resources */ = {isa = PBXBuildFile; fileRef = ED2C2F19229773F900B857D3 /* LaunchScreen.storyboard */; };
		ED2C2F2A2297752100B857D3 /* CircularButton.swift in Sources */ = {isa = PBXBuildFile; fileRef = ED2C2F292297752100B857D3 /* CircularButton.swift */; };
		ED2C2F2C229775C000B857D3 /* ProgressbarParentView.swift in Sources */ = {isa = PBXBuildFile; fileRef = ED2C2F2B229775C000B857D3 /* ProgressbarParentView.swift */; };
		ED2C2F2F2297986600B857D3 /* ColorConverter.swift in Sources */ = {isa = PBXBuildFile; fileRef = ED2C2F2E2297986600B857D3 /* ColorConverter.swift */; };
		ED2C2F312297994C00B857D3 /* GradienceExtension.swift in Sources */ = {isa = PBXBuildFile; fileRef = ED2C2F302297994C00B857D3 /* GradienceExtension.swift */; };
		ED2C2F332297AE4D00B857D3 /* MKMagneticProgress.swift in Sources */ = {isa = PBXBuildFile; fileRef = ED2C2F322297AE4D00B857D3 /* MKMagneticProgress.swift */; };
		ED8F9CD122B6D5B700AD3A0D /* SettingsTableViewController.swift in Sources */ = {isa = PBXBuildFile; fileRef = ED8F9CD022B6D5B700AD3A0D /* SettingsTableViewController.swift */; };
		ED95F230229CDB0000D6EB40 /* HorizontalControlStack.swift in Sources */ = {isa = PBXBuildFile; fileRef = ED95F22F229CDB0000D6EB40 /* HorizontalControlStack.swift */; };
		ED95F232229CF16C00D6EB40 /* Extensions.swift in Sources */ = {isa = PBXBuildFile; fileRef = ED95F231229CF16C00D6EB40 /* Extensions.swift */; };
		ED95F237229CF69000D6EB40 /* SliderView.swift in Sources */ = {isa = PBXBuildFile; fileRef = ED95F236229CF69000D6EB40 /* SliderView.swift */; };
		ED95F239229DC67500D6EB40 /* Roboto-Medium.ttf in Resources */ = {isa = PBXBuildFile; fileRef = ED95F238229DC63D00D6EB40 /* Roboto-Medium.ttf */; };
		ED95F23B229DF32900D6EB40 /* UIColorExtensions.swift in Sources */ = {isa = PBXBuildFile; fileRef = ED95F23A229DF32900D6EB40 /* UIColorExtensions.swift */; };
		ED95F23E229E44D200D6EB40 /* TimeframeStackview.swift in Sources */ = {isa = PBXBuildFile; fileRef = ED95F23D229E44D200D6EB40 /* TimeframeStackview.swift */; };
/* End PBXBuildFile section */

/* Begin PBXFileReference section */
		ED125A1A22A3876900E387E4 /* LocalNotificationManager.swift */ = {isa = PBXFileReference; lastKnownFileType = sourcecode.swift; path = LocalNotificationManager.swift; sourceTree = "<group>"; };
		ED125A1D22A4D64700E387E4 /* DynamicButton.swift */ = {isa = PBXFileReference; lastKnownFileType = sourcecode.swift; path = DynamicButton.swift; sourceTree = "<group>"; };
		ED125A5C22AC87F300E387E4 /* Clock.swift */ = {isa = PBXFileReference; lastKnownFileType = sourcecode.swift; path = Clock.swift; sourceTree = "<group>"; };
		ED2C2F0A229773F800B857D3 /* Interval.app */ = {isa = PBXFileReference; explicitFileType = wrapper.application; includeInIndex = 0; path = Interval.app; sourceTree = BUILT_PRODUCTS_DIR; };
		ED2C2F0D229773F800B857D3 /* AppDelegate.swift */ = {isa = PBXFileReference; lastKnownFileType = sourcecode.swift; path = AppDelegate.swift; sourceTree = "<group>"; };
		ED2C2F0F229773F800B857D3 /* ViewController.swift */ = {isa = PBXFileReference; lastKnownFileType = sourcecode.swift; path = ViewController.swift; sourceTree = "<group>"; };
		ED2C2F12229773F800B857D3 /* Base */ = {isa = PBXFileReference; lastKnownFileType = file.storyboard; name = Base; path = Base.lproj/Main.storyboard; sourceTree = "<group>"; };
		ED2C2F15229773F800B857D3 /* Interval.xcdatamodel */ = {isa = PBXFileReference; lastKnownFileType = wrapper.xcdatamodel; path = Interval.xcdatamodel; sourceTree = "<group>"; };
		ED2C2F17229773F900B857D3 /* Assets.xcassets */ = {isa = PBXFileReference; lastKnownFileType = folder.assetcatalog; path = Assets.xcassets; sourceTree = "<group>"; };
		ED2C2F1A229773F900B857D3 /* Base */ = {isa = PBXFileReference; lastKnownFileType = file.storyboard; name = Base; path = Base.lproj/LaunchScreen.storyboard; sourceTree = "<group>"; };
		ED2C2F1C229773F900B857D3 /* Info.plist */ = {isa = PBXFileReference; lastKnownFileType = text.plist.xml; path = Info.plist; sourceTree = "<group>"; };
		ED2C2F292297752100B857D3 /* CircularButton.swift */ = {isa = PBXFileReference; lastKnownFileType = sourcecode.swift; path = CircularButton.swift; sourceTree = "<group>"; };
		ED2C2F2B229775C000B857D3 /* ProgressbarParentView.swift */ = {isa = PBXFileReference; lastKnownFileType = sourcecode.swift; path = ProgressbarParentView.swift; sourceTree = "<group>"; };
		ED2C2F2E2297986600B857D3 /* ColorConverter.swift */ = {isa = PBXFileReference; lastKnownFileType = sourcecode.swift; path = ColorConverter.swift; sourceTree = "<group>"; };
		ED2C2F302297994C00B857D3 /* GradienceExtension.swift */ = {isa = PBXFileReference; lastKnownFileType = sourcecode.swift; path = GradienceExtension.swift; sourceTree = "<group>"; };
		ED2C2F322297AE4D00B857D3 /* MKMagneticProgress.swift */ = {isa = PBXFileReference; lastKnownFileType = sourcecode.swift; path = MKMagneticProgress.swift; sourceTree = "<group>"; };
		ED8F9CD022B6D5B700AD3A0D /* SettingsTableViewController.swift */ = {isa = PBXFileReference; lastKnownFileType = sourcecode.swift; path = SettingsTableViewController.swift; sourceTree = "<group>"; };
		ED95F22F229CDB0000D6EB40 /* HorizontalControlStack.swift */ = {isa = PBXFileReference; lastKnownFileType = sourcecode.swift; path = HorizontalControlStack.swift; sourceTree = "<group>"; };
		ED95F231229CF16C00D6EB40 /* Extensions.swift */ = {isa = PBXFileReference; lastKnownFileType = sourcecode.swift; path = Extensions.swift; sourceTree = "<group>"; };
		ED95F236229CF69000D6EB40 /* SliderView.swift */ = {isa = PBXFileReference; lastKnownFileType = sourcecode.swift; path = SliderView.swift; sourceTree = "<group>"; };
		ED95F238229DC63D00D6EB40 /* Roboto-Medium.ttf */ = {isa = PBXFileReference; lastKnownFileType = file; path = "Roboto-Medium.ttf"; sourceTree = "<group>"; };
		ED95F23A229DF32900D6EB40 /* UIColorExtensions.swift */ = {isa = PBXFileReference; fileEncoding = 4; lastKnownFileType = sourcecode.swift; path = UIColorExtensions.swift; sourceTree = "<group>"; };
		ED95F23D229E44D200D6EB40 /* TimeframeStackview.swift */ = {isa = PBXFileReference; lastKnownFileType = sourcecode.swift; path = TimeframeStackview.swift; sourceTree = "<group>"; };
/* End PBXFileReference section */

/* Begin PBXFrameworksBuildPhase section */
		ED2C2F07229773F800B857D3 /* Frameworks */ = {
			isa = PBXFrameworksBuildPhase;
			buildActionMask = 2147483647;
			files = (
			);
			runOnlyForDeploymentPostprocessing = 0;
		};
/* End PBXFrameworksBuildPhase section */

/* Begin PBXGroup section */
		ED125A1822A3828000E387E4 /* Core Data */ = {
			isa = PBXGroup;
			children = (
				ED2C2F14229773F800B857D3 /* Interval.xcdatamodeld */,
			);
			path = "Core Data";
			sourceTree = "<group>";
		};
		ED125A1922A3875100E387E4 /* App Services */ = {
			isa = PBXGroup;
			children = (
				ED125A1A22A3876900E387E4 /* LocalNotificationManager.swift */,
			);
			path = "App Services";
			sourceTree = "<group>";
		};
		ED125A1C22A4D61C00E387E4 /* Custom Buttons */ = {
			isa = PBXGroup;
			children = (
				ED125A1D22A4D64700E387E4 /* DynamicButton.swift */,
			);
			path = "Custom Buttons";
			sourceTree = "<group>";
		};
		ED125A5B22AC87E100E387E4 /* Controls */ = {
			isa = PBXGroup;
			children = (
				ED125A5C22AC87F300E387E4 /* Clock.swift */,
			);
			path = Controls;
			sourceTree = "<group>";
		};
		ED2C2F01229773F800B857D3 = {
			isa = PBXGroup;
			children = (
				ED2C2F0C229773F800B857D3 /* Interval */,
				ED2C2F0B229773F800B857D3 /* Products */,
			);
			sourceTree = "<group>";
		};
		ED2C2F0B229773F800B857D3 /* Products */ = {
			isa = PBXGroup;
			children = (
				ED2C2F0A229773F800B857D3 /* Interval.app */,
			);
			name = Products;
			sourceTree = "<group>";
		};
		ED2C2F0C229773F800B857D3 /* Interval */ = {
			isa = PBXGroup;
			children = (
				ED2C2F0D229773F800B857D3 /* AppDelegate.swift */,
				ED8F9CCF22B6D55A00AD3A0D /* Settings Controller */,
				ED125A5B22AC87E100E387E4 /* Controls */,
				ED125A1922A3875100E387E4 /* App Services */,
				ED125A1822A3828000E387E4 /* Core Data */,
				ED2C2F2D2297985500B857D3 /* Helpers */,
				ED2C2F262297745000B857D3 /* AddController */,
				ED2C2F252297743200B857D3 /* Dashboard */,
				ED2C2F11229773F800B857D3 /* Main.storyboard */,
				ED2C2F17229773F900B857D3 /* Assets.xcassets */,
				ED2C2F342299AF4000B857D3 /* Fonts */,
				ED2C2F19229773F900B857D3 /* LaunchScreen.storyboard */,
				ED2C2F1C229773F900B857D3 /* Info.plist */,
			);
			path = Interval;
			sourceTree = "<group>";
		};
		ED2C2F222297740B00B857D3 /* Controller */ = {
			isa = PBXGroup;
			children = (
				ED2C2F0F229773F800B857D3 /* ViewController.swift */,
			);
			path = Controller;
			sourceTree = "<group>";
		};
		ED2C2F232297741700B857D3 /* View */ = {
			isa = PBXGroup;
			children = (
				ED659F78229CDA610089D816 /* ControlView */,
				ED2C2F28229774F700B857D3 /* AddButton */,
				ED2C2F272297746600B857D3 /* UI_Progress */,
			);
			path = View;
			sourceTree = "<group>";
		};
		ED2C2F242297741D00B857D3 /* Model */ = {
			isa = PBXGroup;
			children = (
			);
			path = Model;
			sourceTree = "<group>";
		};
		ED2C2F252297743200B857D3 /* Dashboard */ = {
			isa = PBXGroup;
			children = (
				ED2C2F242297741D00B857D3 /* Model */,
				ED2C2F232297741700B857D3 /* View */,
				ED2C2F222297740B00B857D3 /* Controller */,
			);
			path = Dashboard;
			sourceTree = "<group>";
		};
		ED2C2F262297745000B857D3 /* AddController */ = {
			isa = PBXGroup;
			children = (
				ED95F235229CF63800D6EB40 /* Model */,
				ED95F234229CF63400D6EB40 /* View */,
				ED95F233229CF62800D6EB40 /* Controller */,
			);
			path = AddController;
			sourceTree = "<group>";
		};
		ED2C2F272297746600B857D3 /* UI_Progress */ = {
			isa = PBXGroup;
			children = (
				ED2C2F322297AE4D00B857D3 /* MKMagneticProgress.swift */,
				ED2C2F2B229775C000B857D3 /* ProgressbarParentView.swift */,
			);
			path = UI_Progress;
			sourceTree = "<group>";
		};
		ED2C2F28229774F700B857D3 /* AddButton */ = {
			isa = PBXGroup;
			children = (
				ED2C2F292297752100B857D3 /* CircularButton.swift */,
			);
			path = AddButton;
			sourceTree = "<group>";
		};
		ED2C2F2D2297985500B857D3 /* Helpers */ = {
			isa = PBXGroup;
			children = (
				ED125A1C22A4D61C00E387E4 /* Custom Buttons */,
				ED95F23A229DF32900D6EB40 /* UIColorExtensions.swift */,
				ED2C2F2E2297986600B857D3 /* ColorConverter.swift */,
				ED2C2F302297994C00B857D3 /* GradienceExtension.swift */,
				ED95F231229CF16C00D6EB40 /* Extensions.swift */,
			);
			path = Helpers;
			sourceTree = "<group>";
		};
		ED2C2F342299AF4000B857D3 /* Fonts */ = {
			isa = PBXGroup;
			children = (
				ED95F238229DC63D00D6EB40 /* Roboto-Medium.ttf */,
			);
			path = Fonts;
			sourceTree = "<group>";
		};
		ED659F78229CDA610089D816 /* ControlView */ = {
			isa = PBXGroup;
			children = (
				ED95F22F229CDB0000D6EB40 /* HorizontalControlStack.swift */,
			);
			name = ControlView;
			sourceTree = "<group>";
		};
		ED8F9CCF22B6D55A00AD3A0D /* Settings Controller */ = {
			isa = PBXGroup;
			children = (
				ED8F9CD022B6D5B700AD3A0D /* SettingsTableViewController.swift */,
			);
			path = "Settings Controller";
			sourceTree = "<group>";
		};
		ED95F233229CF62800D6EB40 /* Controller */ = {
			isa = PBXGroup;
			children = (
				ED95F236229CF69000D6EB40 /* SliderView.swift */,
			);
			path = Controller;
			sourceTree = "<group>";
		};
		ED95F234229CF63400D6EB40 /* View */ = {
			isa = PBXGroup;
			children = (
				ED95F23D229E44D200D6EB40 /* TimeframeStackview.swift */,
			);
			path = View;
			sourceTree = "<group>";
		};
		ED95F235229CF63800D6EB40 /* Model */ = {
			isa = PBXGroup;
			children = (
			);
			path = Model;
			sourceTree = "<group>";
		};
/* End PBXGroup section */

/* Begin PBXNativeTarget section */
		ED2C2F09229773F800B857D3 /* Interval */ = {
			isa = PBXNativeTarget;
			buildConfigurationList = ED2C2F1F229773F900B857D3 /* Build configuration list for PBXNativeTarget "Interval" */;
			buildPhases = (
				ED2C2F06229773F800B857D3 /* Sources */,
				ED2C2F07229773F800B857D3 /* Frameworks */,
				ED2C2F08229773F800B857D3 /* Resources */,
			);
			buildRules = (
			);
			dependencies = (
			);
			name = Interval;
			productName = Interval;
			productReference = ED2C2F0A229773F800B857D3 /* Interval.app */;
			productType = "com.apple.product-type.application";
		};
/* End PBXNativeTarget section */

/* Begin PBXProject section */
		ED2C2F02229773F800B857D3 /* Project object */ = {
			isa = PBXProject;
			attributes = {
				LastSwiftUpdateCheck = 1020;
				LastUpgradeCheck = 1020;
				ORGANIZATIONNAME = "Neftali Samarey";
				TargetAttributes = {
					ED2C2F09229773F800B857D3 = {
						CreatedOnToolsVersion = 10.2;
					};
				};
			};
			buildConfigurationList = ED2C2F05229773F800B857D3 /* Build configuration list for PBXProject "Interval" */;
			compatibilityVersion = "Xcode 9.3";
			developmentRegion = en;
			hasScannedForEncodings = 0;
			knownRegions = (
				en,
				Base,
			);
			mainGroup = ED2C2F01229773F800B857D3;
			productRefGroup = ED2C2F0B229773F800B857D3 /* Products */;
			projectDirPath = "";
			projectRoot = "";
			targets = (
				ED2C2F09229773F800B857D3 /* Interval */,
			);
		};
/* End PBXProject section */

/* Begin PBXResourcesBuildPhase section */
		ED2C2F08229773F800B857D3 /* Resources */ = {
			isa = PBXResourcesBuildPhase;
			buildActionMask = 2147483647;
			files = (
				ED95F239229DC67500D6EB40 /* Roboto-Medium.ttf in Resources */,
				ED2C2F1B229773F900B857D3 /* LaunchScreen.storyboard in Resources */,
				ED2C2F18229773F900B857D3 /* Assets.xcassets in Resources */,
				ED2C2F13229773F800B857D3 /* Main.storyboard in Resources */,
			);
			runOnlyForDeploymentPostprocessing = 0;
		};
/* End PBXResourcesBuildPhase section */

/* Begin PBXSourcesBuildPhase section */
		ED2C2F06229773F800B857D3 /* Sources */ = {
			isa = PBXSourcesBuildPhase;
			buildActionMask = 2147483647;
			files = (
				ED125A1B22A3876900E387E4 /* LocalNotificationManager.swift in Sources */,
				ED2C2F332297AE4D00B857D3 /* MKMagneticProgress.swift in Sources */,
				ED125A5D22AC87F300E387E4 /* Clock.swift in Sources */,
				ED2C2F2A2297752100B857D3 /* CircularButton.swift in Sources */,
				ED2C2F2F2297986600B857D3 /* ColorConverter.swift in Sources */,
				ED95F23B229DF32900D6EB40 /* UIColorExtensions.swift in Sources */,
				ED8F9CD122B6D5B700AD3A0D /* SettingsTableViewController.swift in Sources */,
				ED2C2F16229773F800B857D3 /* Interval.xcdatamodeld in Sources */,
				ED95F237229CF69000D6EB40 /* SliderView.swift in Sources */,
				ED95F23E229E44D200D6EB40 /* TimeframeStackview.swift in Sources */,
				ED2C2F10229773F800B857D3 /* ViewController.swift in Sources */,
				ED95F232229CF16C00D6EB40 /* Extensions.swift in Sources */,
				ED95F230229CDB0000D6EB40 /* HorizontalControlStack.swift in Sources */,
				ED2C2F0E229773F800B857D3 /* AppDelegate.swift in Sources */,
				ED2C2F2C229775C000B857D3 /* ProgressbarParentView.swift in Sources */,
				ED2C2F312297994C00B857D3 /* GradienceExtension.swift in Sources */,
				ED125A1E22A4D64700E387E4 /* DynamicButton.swift in Sources */,
			);
			runOnlyForDeploymentPostprocessing = 0;
		};
/* End PBXSourcesBuildPhase section */

/* Begin PBXVariantGroup section */
		ED2C2F11229773F800B857D3 /* Main.storyboard */ = {
			isa = PBXVariantGroup;
			children = (
				ED2C2F12229773F800B857D3 /* Base */,
			);
			name = Main.storyboard;
			sourceTree = "<group>";
		};
		ED2C2F19229773F900B857D3 /* LaunchScreen.storyboard */ = {
			isa = PBXVariantGroup;
			children = (
				ED2C2F1A229773F900B857D3 /* Base */,
			);
			name = LaunchScreen.storyboard;
			sourceTree = "<group>";
		};
/* End PBXVariantGroup section */

/* Begin XCBuildConfiguration section */
		ED2C2F1D229773F900B857D3 /* Debug */ = {
			isa = XCBuildConfiguration;
			buildSettings = {
				ALWAYS_SEARCH_USER_PATHS = NO;
				CLANG_ANALYZER_NONNULL = YES;
				CLANG_ANALYZER_NUMBER_OBJECT_CONVERSION = YES_AGGRESSIVE;
				CLANG_CXX_LANGUAGE_STANDARD = "gnu++14";
				CLANG_CXX_LIBRARY = "libc++";
				CLANG_ENABLE_MODULES = YES;
				CLANG_ENABLE_OBJC_ARC = YES;
				CLANG_ENABLE_OBJC_WEAK = YES;
				CLANG_WARN_BLOCK_CAPTURE_AUTORELEASING = YES;
				CLANG_WARN_BOOL_CONVERSION = YES;
				CLANG_WARN_COMMA = YES;
				CLANG_WARN_CONSTANT_CONVERSION = YES;
				CLANG_WARN_DEPRECATED_OBJC_IMPLEMENTATIONS = YES;
				CLANG_WARN_DIRECT_OBJC_ISA_USAGE = YES_ERROR;
				CLANG_WARN_DOCUMENTATION_COMMENTS = YES;
				CLANG_WARN_EMPTY_BODY = YES;
				CLANG_WARN_ENUM_CONVERSION = YES;
				CLANG_WARN_INFINITE_RECURSION = YES;
				CLANG_WARN_INT_CONVERSION = YES;
				CLANG_WARN_NON_LITERAL_NULL_CONVERSION = YES;
				CLANG_WARN_OBJC_IMPLICIT_RETAIN_SELF = YES;
				CLANG_WARN_OBJC_LITERAL_CONVERSION = YES;
				CLANG_WARN_OBJC_ROOT_CLASS = YES_ERROR;
				CLANG_WARN_RANGE_LOOP_ANALYSIS = YES;
				CLANG_WARN_STRICT_PROTOTYPES = YES;
				CLANG_WARN_SUSPICIOUS_MOVE = YES;
				CLANG_WARN_UNGUARDED_AVAILABILITY = YES_AGGRESSIVE;
				CLANG_WARN_UNREACHABLE_CODE = YES;
				CLANG_WARN__DUPLICATE_METHOD_MATCH = YES;
				CODE_SIGN_IDENTITY = "iPhone Developer";
				COPY_PHASE_STRIP = NO;
				DEBUG_INFORMATION_FORMAT = dwarf;
				ENABLE_STRICT_OBJC_MSGSEND = YES;
				ENABLE_TESTABILITY = YES;
				GCC_C_LANGUAGE_STANDARD = gnu11;
				GCC_DYNAMIC_NO_PIC = NO;
				GCC_NO_COMMON_BLOCKS = YES;
				GCC_OPTIMIZATION_LEVEL = 0;
				GCC_PREPROCESSOR_DEFINITIONS = (
					"DEBUG=1",
					"$(inherited)",
				);
				GCC_WARN_64_TO_32_BIT_CONVERSION = YES;
				GCC_WARN_ABOUT_RETURN_TYPE = YES_ERROR;
				GCC_WARN_UNDECLARED_SELECTOR = YES;
				GCC_WARN_UNINITIALIZED_AUTOS = YES_AGGRESSIVE;
				GCC_WARN_UNUSED_FUNCTION = YES;
				GCC_WARN_UNUSED_VARIABLE = YES;
				IPHONEOS_DEPLOYMENT_TARGET = 12.2;
				MTL_ENABLE_DEBUG_INFO = INCLUDE_SOURCE;
				MTL_FAST_MATH = YES;
				ONLY_ACTIVE_ARCH = YES;
				SDKROOT = iphoneos;
				SWIFT_ACTIVE_COMPILATION_CONDITIONS = DEBUG;
				SWIFT_OPTIMIZATION_LEVEL = "-Onone";
			};
			name = Debug;
		};
		ED2C2F1E229773F900B857D3 /* Release */ = {
			isa = XCBuildConfiguration;
			buildSettings = {
				ALWAYS_SEARCH_USER_PATHS = NO;
				CLANG_ANALYZER_NONNULL = YES;
				CLANG_ANALYZER_NUMBER_OBJECT_CONVERSION = YES_AGGRESSIVE;
				CLANG_CXX_LANGUAGE_STANDARD = "gnu++14";
				CLANG_CXX_LIBRARY = "libc++";
				CLANG_ENABLE_MODULES = YES;
				CLANG_ENABLE_OBJC_ARC = YES;
				CLANG_ENABLE_OBJC_WEAK = YES;
				CLANG_WARN_BLOCK_CAPTURE_AUTORELEASING = YES;
				CLANG_WARN_BOOL_CONVERSION = YES;
				CLANG_WARN_COMMA = YES;
				CLANG_WARN_CONSTANT_CONVERSION = YES;
				CLANG_WARN_DEPRECATED_OBJC_IMPLEMENTATIONS = YES;
				CLANG_WARN_DIRECT_OBJC_ISA_USAGE = YES_ERROR;
				CLANG_WARN_DOCUMENTATION_COMMENTS = YES;
				CLANG_WARN_EMPTY_BODY = YES;
				CLANG_WARN_ENUM_CONVERSION = YES;
				CLANG_WARN_INFINITE_RECURSION = YES;
				CLANG_WARN_INT_CONVERSION = YES;
				CLANG_WARN_NON_LITERAL_NULL_CONVERSION = YES;
				CLANG_WARN_OBJC_IMPLICIT_RETAIN_SELF = YES;
				CLANG_WARN_OBJC_LITERAL_CONVERSION = YES;
				CLANG_WARN_OBJC_ROOT_CLASS = YES_ERROR;
				CLANG_WARN_RANGE_LOOP_ANALYSIS = YES;
				CLANG_WARN_STRICT_PROTOTYPES = YES;
				CLANG_WARN_SUSPICIOUS_MOVE = YES;
				CLANG_WARN_UNGUARDED_AVAILABILITY = YES_AGGRESSIVE;
				CLANG_WARN_UNREACHABLE_CODE = YES;
				CLANG_WARN__DUPLICATE_METHOD_MATCH = YES;
				CODE_SIGN_IDENTITY = "iPhone Developer";
				COPY_PHASE_STRIP = NO;
				DEBUG_INFORMATION_FORMAT = "dwarf-with-dsym";
				ENABLE_NS_ASSERTIONS = NO;
				ENABLE_STRICT_OBJC_MSGSEND = YES;
				GCC_C_LANGUAGE_STANDARD = gnu11;
				GCC_NO_COMMON_BLOCKS = YES;
				GCC_WARN_64_TO_32_BIT_CONVERSION = YES;
				GCC_WARN_ABOUT_RETURN_TYPE = YES_ERROR;
				GCC_WARN_UNDECLARED_SELECTOR = YES;
				GCC_WARN_UNINITIALIZED_AUTOS = YES_AGGRESSIVE;
				GCC_WARN_UNUSED_FUNCTION = YES;
				GCC_WARN_UNUSED_VARIABLE = YES;
				IPHONEOS_DEPLOYMENT_TARGET = 12.2;
				MTL_ENABLE_DEBUG_INFO = NO;
				MTL_FAST_MATH = YES;
				SDKROOT = iphoneos;
				SWIFT_COMPILATION_MODE = wholemodule;
				SWIFT_OPTIMIZATION_LEVEL = "-O";
				VALIDATE_PRODUCT = YES;
			};
			name = Release;
		};
		ED2C2F20229773F900B857D3 /* Debug */ = {
			isa = XCBuildConfiguration;
			buildSettings = {
				ASSETCATALOG_COMPILER_APPICON_NAME = AppIcon;
				CODE_SIGN_STYLE = Automatic;
				DEVELOPMENT_TEAM = X752JDEFHP;
				INFOPLIST_FILE = Interval/Info.plist;
				LD_RUNPATH_SEARCH_PATHS = (
					"$(inherited)",
					"@executable_path/Frameworks",
				);
				PRODUCT_BUNDLE_IDENTIFIER = samarey.me.Interval;
				PRODUCT_NAME = "$(TARGET_NAME)";
				SWIFT_VERSION = 5.0;
				TARGETED_DEVICE_FAMILY = "1,2";
			};
			name = Debug;
		};
		ED2C2F21229773F900B857D3 /* Release */ = {
			isa = XCBuildConfiguration;
			buildSettings = {
				ASSETCATALOG_COMPILER_APPICON_NAME = AppIcon;
				CODE_SIGN_STYLE = Automatic;
				DEVELOPMENT_TEAM = X752JDEFHP;
				INFOPLIST_FILE = Interval/Info.plist;
				LD_RUNPATH_SEARCH_PATHS = (
					"$(inherited)",
					"@executable_path/Frameworks",
				);
				PRODUCT_BUNDLE_IDENTIFIER = samarey.me.Interval;
				PRODUCT_NAME = "$(TARGET_NAME)";
				SWIFT_VERSION = 5.0;
				TARGETED_DEVICE_FAMILY = "1,2";
			};
			name = Release;
		};
/* End XCBuildConfiguration section */

/* Begin XCConfigurationList section */
		ED2C2F05229773F800B857D3 /* Build configuration list for PBXProject "Interval" */ = {
			isa = XCConfigurationList;
			buildConfigurations = (
				ED2C2F1D229773F900B857D3 /* Debug */,
				ED2C2F1E229773F900B857D3 /* Release */,
			);
			defaultConfigurationIsVisible = 0;
			defaultConfigurationName = Release;
		};
		ED2C2F1F229773F900B857D3 /* Build configuration list for PBXNativeTarget "Interval" */ = {
			isa = XCConfigurationList;
			buildConfigurations = (
				ED2C2F20229773F900B857D3 /* Debug */,
				ED2C2F21229773F900B857D3 /* Release */,
			);
			defaultConfigurationIsVisible = 0;
			defaultConfigurationName = Release;
		};
/* End XCConfigurationList section */

/* Begin XCVersionGroup section */
		ED2C2F14229773F800B857D3 /* Interval.xcdatamodeld */ = {
			isa = XCVersionGroup;
			children = (
				ED2C2F15229773F800B857D3 /* Interval.xcdatamodel */,
			);
			currentVersion = ED2C2F15229773F800B857D3 /* Interval.xcdatamodel */;
			path = Interval.xcdatamodeld;
			sourceTree = "<group>";
			versionGroupType = wrapper.xcdatamodel;
		};
/* End XCVersionGroup section */
	};
	rootObject = ED2C2F02229773F800B857D3 /* Project object */;
}
